<Solution>
  <Project Path="AdministracionConsorcios/AdministracionConsorcios.csproj" />
  <Project Path="Data/Data.csproj" Id="2cde0776-2a3e-48a6-9acc-58aefbfdfc4d" />
  <Project Path="DTOs/DTOs.csproj" Id="fc76f7ed-4d67-46a4-b645-c56812d29788" />
  <Project Path="Model/Model.csproj" Id="9ddf4700-8949-41e1-94e5-602b39fcaadd" />
  <Project Path="Services/Services.csproj" Id="e664e94b-05f5-4847-9df4-d7805b818c85" />
</Solution>
